// !$*UTF8*$!
{
	archiveVersion = 1;
	classes = {
	};
	objectVersion = 46;
	objects = {

/* Begin PBXBuildFile section */
		AC7B30081B2E91DF00B91F3A /* FeedsViewController.m in Sources */ = {isa = PBXBuildFile; fileRef = AC7B30071B2E91DF00B91F3A /* FeedsViewController.m */; };
		ACCEE0841B2E7BAB00A963A0 /* main.m in Sources */ = {isa = PBXBuildFile; fileRef = ACCEE0831B2E7BAB00A963A0 /* main.m */; };
		ACCEE0871B2E7BAB00A963A0 /* AppDelegate.m in Sources */ = {isa = PBXBuildFile; fileRef = ACCEE0861B2E7BAB00A963A0 /* AppDelegate.m */; };
		ACCEE0901B2E7BAB00A963A0 /* Main.storyboard in Resources */ = {isa = PBXBuildFile; fileRef = ACCEE08E1B2E7BAB00A963A0 /* Main.storyboard */; };
		ACCEE0921B2E7BAB00A963A0 /* Images.xcassets in Resources */ = {isa = PBXBuildFile; fileRef = ACCEE0911B2E7BAB00A963A0 /* Images.xcassets */; };
		ACCEE0951B2E7BAC00A963A0 /* LaunchScreen.xib in Resources */ = {isa = PBXBuildFile; fileRef = ACCEE0931B2E7BAC00A963A0 /* LaunchScreen.xib */; };
		ACCEE0A11B2E7BAC00A963A0 /* LivedoorRSSReaderTests.m in Sources */ = {isa = PBXBuildFile; fileRef = ACCEE0A01B2E7BAC00A963A0 /* LivedoorRSSReaderTests.m */; };
		ACCEE0B11B2E7C9800A963A0 /* DetailViewController.m in Sources */ = {isa = PBXBuildFile; fileRef = ACCEE0AE1B2E7C9800A963A0 /* DetailViewController.m */; };
		ACCEE0B21B2E7C9800A963A0 /* CategoryViewController.m in Sources */ = {isa = PBXBuildFile; fileRef = ACCEE0B01B2E7C9800A963A0 /* CategoryViewController.m */; };
		ACE18F1F1B3015AA00558E8D /* LivedoorRSSReaderModel.xcdatamodeld in Sources */ = {isa = PBXBuildFile; fileRef = ACE18F1D1B3015AA00558E8D /* LivedoorRSSReaderModel.xcdatamodeld */; };
		ACE18F251B30279100558E8D /* Feed.m in Sources */ = {isa = PBXBuildFile; fileRef = ACE18F241B30279100558E8D /* Feed.m */; };
		F0E981A9115CD5EEF3C066A5 /* libPods.a in Frameworks */ = {isa = PBXBuildFile; fileRef = 32BA25CF1C0C4C309C9CDE5D /* libPods.a */; };
		FF47479F131E23DF9F818DE7 /* libPods.a in Frameworks */ = {isa = PBXBuildFile; fileRef = 32BA25CF1C0C4C309C9CDE5D /* libPods.a */; };
/* End PBXBuildFile section */

/* Begin PBXContainerItemProxy section */
		ACCEE09B1B2E7BAC00A963A0 /* PBXContainerItemProxy */ = {
			isa = PBXContainerItemProxy;
			containerPortal = ACCEE0761B2E7BAB00A963A0 /* Project object */;
			proxyType = 1;
			remoteGlobalIDString = ACCEE07D1B2E7BAB00A963A0;
			remoteInfo = LivedoorRSSReader;
		};
/* End PBXContainerItemProxy section */

/* Begin PBXFileReference section */
		104857F1950F8BFAB96C3F29 /* Pods.debug.xcconfig */ = {isa = PBXFileReference; includeInIndex = 1; lastKnownFileType = text.xcconfig; name = Pods.debug.xcconfig; path = "Pods/Target Support Files/Pods/Pods.debug.xcconfig"; sourceTree = "<group>"; };
		32BA25CF1C0C4C309C9CDE5D /* libPods.a */ = {isa = PBXFileReference; explicitFileType = archive.ar; includeInIndex = 0; path = libPods.a; sourceTree = BUILT_PRODUCTS_DIR; };
		753D4CD55720B6AD2292E981 /* Pods.release.xcconfig */ = {isa = PBXFileReference; includeInIndex = 1; lastKnownFileType = text.xcconfig; name = Pods.release.xcconfig; path = "Pods/Target Support Files/Pods/Pods.release.xcconfig"; sourceTree = "<group>"; };
		AC7B30061B2E91DF00B91F3A /* FeedsViewController.h */ = {isa = PBXFileReference; fileEncoding = 4; lastKnownFileType = sourcecode.c.h; path = FeedsViewController.h; sourceTree = "<group>"; };
		AC7B30071B2E91DF00B91F3A /* FeedsViewController.m */ = {isa = PBXFileReference; fileEncoding = 4; lastKnownFileType = sourcecode.c.objc; path = FeedsViewController.m; sourceTree = "<group>"; };
		ACCEE07E1B2E7BAB00A963A0 /* LivedoorRSSReader.app */ = {isa = PBXFileReference; explicitFileType = wrapper.application; includeInIndex = 0; path = LivedoorRSSReader.app; sourceTree = BUILT_PRODUCTS_DIR; };
		ACCEE0821B2E7BAB00A963A0 /* Info.plist */ = {isa = PBXFileReference; lastKnownFileType = text.plist.xml; path = Info.plist; sourceTree = "<group>"; };
		ACCEE0831B2E7BAB00A963A0 /* main.m */ = {isa = PBXFileReference; lastKnownFileType = sourcecode.c.objc; path = main.m; sourceTree = "<group>"; };
		ACCEE0851B2E7BAB00A963A0 /* AppDelegate.h */ = {isa = PBXFileReference; lastKnownFileType = sourcecode.c.h; path = AppDelegate.h; sourceTree = "<group>"; };
		ACCEE0861B2E7BAB00A963A0 /* AppDelegate.m */ = {isa = PBXFileReference; lastKnownFileType = sourcecode.c.objc; path = AppDelegate.m; sourceTree = "<group>"; };
		ACCEE08F1B2E7BAB00A963A0 /* Base */ = {isa = PBXFileReference; lastKnownFileType = file.storyboard; name = Base; path = Base.lproj/Main.storyboard; sourceTree = "<group>"; };
		ACCEE0911B2E7BAB00A963A0 /* Images.xcassets */ = {isa = PBXFileReference; lastKnownFileType = folder.assetcatalog; path = Images.xcassets; sourceTree = "<group>"; };
		ACCEE0941B2E7BAC00A963A0 /* Base */ = {isa = PBXFileReference; lastKnownFileType = file.xib; name = Base; path = Base.lproj/LaunchScreen.xib; sourceTree = "<group>"; };
		ACCEE09A1B2E7BAC00A963A0 /* LivedoorRSSReaderTests.xctest */ = {isa = PBXFileReference; explicitFileType = wrapper.cfbundle; includeInIndex = 0; path = LivedoorRSSReaderTests.xctest; sourceTree = BUILT_PRODUCTS_DIR; };
		ACCEE09F1B2E7BAC00A963A0 /* Info.plist */ = {isa = PBXFileReference; lastKnownFileType = text.plist.xml; path = Info.plist; sourceTree = "<group>"; };
		ACCEE0A01B2E7BAC00A963A0 /* LivedoorRSSReaderTests.m */ = {isa = PBXFileReference; lastKnownFileType = sourcecode.c.objc; path = LivedoorRSSReaderTests.m; sourceTree = "<group>"; };
		ACCEE0AD1B2E7C9800A963A0 /* DetailViewController.h */ = {isa = PBXFileReference; fileEncoding = 4; lastKnownFileType = sourcecode.c.h; path = DetailViewController.h; sourceTree = "<group>"; };
		ACCEE0AE1B2E7C9800A963A0 /* DetailViewController.m */ = {isa = PBXFileReference; fileEncoding = 4; lastKnownFileType = sourcecode.c.objc; path = DetailViewController.m; sourceTree = "<group>"; };
		ACCEE0AF1B2E7C9800A963A0 /* CategoryViewController.h */ = {isa = PBXFileReference; fileEncoding = 4; lastKnownFileType = sourcecode.c.h; path = CategoryViewController.h; sourceTree = "<group>"; };
		ACCEE0B01B2E7C9800A963A0 /* CategoryViewController.m */ = {isa = PBXFileReference; fileEncoding = 4; lastKnownFileType = sourcecode.c.objc; path = CategoryViewController.m; sourceTree = "<group>"; };
		ACE18F1C1B30129800558E8D /* LivedoorRSSReader-Prefix.pch */ = {isa = PBXFileReference; lastKnownFileType = sourcecode.c.h; path = "LivedoorRSSReader-Prefix.pch"; sourceTree = "<group>"; };
		ACE18F1E1B3015AA00558E8D /* LivedoorRSSReaderModel.xcdatamodel */ = {isa = PBXFileReference; lastKnownFileType = wrapper.xcdatamodel; path = LivedoorRSSReaderModel.xcdatamodel; sourceTree = "<group>"; };
		ACE18F231B30279100558E8D /* Feed.h */ = {isa = PBXFileReference; fileEncoding = 4; lastKnownFileType = sourcecode.c.h; path = Feed.h; sourceTree = "<group>"; };
		ACE18F241B30279100558E8D /* Feed.m */ = {isa = PBXFileReference; fileEncoding = 4; lastKnownFileType = sourcecode.c.objc; path = Feed.m; sourceTree = "<group>"; };
/* End PBXFileReference section */

/* Begin PBXFrameworksBuildPhase section */
		ACCEE07B1B2E7BAB00A963A0 /* Frameworks */ = {
			isa = PBXFrameworksBuildPhase;
			buildActionMask = 2147483647;
			files = (
				F0E981A9115CD5EEF3C066A5 /* libPods.a in Frameworks */,
			);
			runOnlyForDeploymentPostprocessing = 0;
		};
		ACCEE0971B2E7BAC00A963A0 /* Frameworks */ = {
			isa = PBXFrameworksBuildPhase;
			buildActionMask = 2147483647;
			files = (
				FF47479F131E23DF9F818DE7 /* libPods.a in Frameworks */,
			);
			runOnlyForDeploymentPostprocessing = 0;
		};
/* End PBXFrameworksBuildPhase section */

/* Begin PBXGroup section */
		7351438CAA750006A1B59CFF /* Frameworks */ = {
			isa = PBXGroup;
			children = (
				32BA25CF1C0C4C309C9CDE5D /* libPods.a */,
			);
			name = Frameworks;
			sourceTree = "<group>";
		};
		ACCEE0751B2E7BAB00A963A0 = {
			isa = PBXGroup;
			children = (
				ACCEE0801B2E7BAB00A963A0 /* LivedoorRSSReader */,
				ACCEE09D1B2E7BAC00A963A0 /* LivedoorRSSReaderTests */,
				ACCEE07F1B2E7BAB00A963A0 /* Products */,
				C37BC5617003CFD0F2ABA097 /* Pods */,
				7351438CAA750006A1B59CFF /* Frameworks */,
			);
			sourceTree = "<group>";
		};
		ACCEE07F1B2E7BAB00A963A0 /* Products */ = {
			isa = PBXGroup;
			children = (
				ACCEE07E1B2E7BAB00A963A0 /* LivedoorRSSReader.app */,
				ACCEE09A1B2E7BAC00A963A0 /* LivedoorRSSReaderTests.xctest */,
			);
			name = Products;
			sourceTree = "<group>";
		};
		ACCEE0801B2E7BAB00A963A0 /* LivedoorRSSReader */ = {
			isa = PBXGroup;
			children = (
				ACCEE0B41B2E7CCC00A963A0 /* Model */,
				ACCEE0B31B2E7CBD00A963A0 /* View */,
				ACCEE0AC1B2E7C2F00A963A0 /* Controller */,
				ACCEE0851B2E7BAB00A963A0 /* AppDelegate.h */,
				ACCEE0861B2E7BAB00A963A0 /* AppDelegate.m */,
				ACCEE0911B2E7BAB00A963A0 /* Images.xcassets */,
				ACCEE08E1B2E7BAB00A963A0 /* Main.storyboard */,
				ACCEE0931B2E7BAC00A963A0 /* LaunchScreen.xib */,
				ACCEE0811B2E7BAB00A963A0 /* Supporting Files */,
			);
			path = LivedoorRSSReader;
			sourceTree = "<group>";
		};
		ACCEE0811B2E7BAB00A963A0 /* Supporting Files */ = {
			isa = PBXGroup;
			children = (
				ACCEE0821B2E7BAB00A963A0 /* Info.plist */,
				ACCEE0831B2E7BAB00A963A0 /* main.m */,
				ACE18F1C1B30129800558E8D /* LivedoorRSSReader-Prefix.pch */,
			);
			name = "Supporting Files";
			sourceTree = "<group>";
		};
		ACCEE09D1B2E7BAC00A963A0 /* LivedoorRSSReaderTests */ = {
			isa = PBXGroup;
			children = (
				ACCEE0A01B2E7BAC00A963A0 /* LivedoorRSSReaderTests.m */,
				ACCEE09E1B2E7BAC00A963A0 /* Supporting Files */,
			);
			path = LivedoorRSSReaderTests;
			sourceTree = "<group>";
		};
		ACCEE09E1B2E7BAC00A963A0 /* Supporting Files */ = {
			isa = PBXGroup;
			children = (
				ACCEE09F1B2E7BAC00A963A0 /* Info.plist */,
			);
			name = "Supporting Files";
			sourceTree = "<group>";
		};
		ACCEE0AC1B2E7C2F00A963A0 /* Controller */ = {
			isa = PBXGroup;
			children = (
				ACCEE0AD1B2E7C9800A963A0 /* DetailViewController.h */,
				ACCEE0AE1B2E7C9800A963A0 /* DetailViewController.m */,
				ACCEE0AF1B2E7C9800A963A0 /* CategoryViewController.h */,
				ACCEE0B01B2E7C9800A963A0 /* CategoryViewController.m */,
				AC7B30061B2E91DF00B91F3A /* FeedsViewController.h */,
				AC7B30071B2E91DF00B91F3A /* FeedsViewController.m */,
			);
			path = Controller;
			sourceTree = "<group>";
		};
		ACCEE0B31B2E7CBD00A963A0 /* View */ = {
			isa = PBXGroup;
			children = (
			);
			path = View;
			sourceTree = "<group>";
		};
		ACCEE0B41B2E7CCC00A963A0 /* Model */ = {
			isa = PBXGroup;
			children = (
				ACE18F1D1B3015AA00558E8D /* LivedoorRSSReaderModel.xcdatamodeld */,
				ACE18F231B30279100558E8D /* Feed.h */,
				ACE18F241B30279100558E8D /* Feed.m */,
			);
			path = Model;
			sourceTree = "<group>";
		};
		C37BC5617003CFD0F2ABA097 /* Pods */ = {
			isa = PBXGroup;
			children = (
				104857F1950F8BFAB96C3F29 /* Pods.debug.xcconfig */,
				753D4CD55720B6AD2292E981 /* Pods.release.xcconfig */,
			);
			name = Pods;
			sourceTree = "<group>";
		};
/* End PBXGroup section */

/* Begin PBXNativeTarget section */
		ACCEE07D1B2E7BAB00A963A0 /* LivedoorRSSReader */ = {
			isa = PBXNativeTarget;
			buildConfigurationList = ACCEE0A41B2E7BAC00A963A0 /* Build configuration list for PBXNativeTarget "LivedoorRSSReader" */;
			buildPhases = (
				2DECE2A7C4A57F0CECA4C4C8 /* Check Pods Manifest.lock */,
				ACCEE07A1B2E7BAB00A963A0 /* Sources */,
				ACCEE07B1B2E7BAB00A963A0 /* Frameworks */,
				ACCEE07C1B2E7BAB00A963A0 /* Resources */,
				FF9C9623CADBCB08D3C30CC9 /* Copy Pods Resources */,
			);
			buildRules = (
			);
			dependencies = (
			);
			name = LivedoorRSSReader;
			productName = LivedoorRSSReader;
			productReference = ACCEE07E1B2E7BAB00A963A0 /* LivedoorRSSReader.app */;
			productType = "com.apple.product-type.application";
		};
		ACCEE0991B2E7BAC00A963A0 /* LivedoorRSSReaderTests */ = {
			isa = PBXNativeTarget;
			buildConfigurationList = ACCEE0A71B2E7BAC00A963A0 /* Build configuration list for PBXNativeTarget "LivedoorRSSReaderTests" */;
			buildPhases = (
				3ED08CE129560A9848C07898 /* Check Pods Manifest.lock */,
				ACCEE0961B2E7BAC00A963A0 /* Sources */,
				ACCEE0971B2E7BAC00A963A0 /* Frameworks */,
				ACCEE0981B2E7BAC00A963A0 /* Resources */,
				B55141498AEE1C4FBF5BD407 /* Copy Pods Resources */,
			);
			buildRules = (
			);
			dependencies = (
				ACCEE09C1B2E7BAC00A963A0 /* PBXTargetDependency */,
			);
			name = LivedoorRSSReaderTests;
			productName = LivedoorRSSReaderTests;
			productReference = ACCEE09A1B2E7BAC00A963A0 /* LivedoorRSSReaderTests.xctest */;
			productType = "com.apple.product-type.bundle.unit-test";
		};
/* End PBXNativeTarget section */

/* Begin PBXProject section */
		ACCEE0761B2E7BAB00A963A0 /* Project object */ = {
			isa = PBXProject;
			attributes = {
				LastUpgradeCheck = 0610;
				ORGANIZATIONNAME = "Phan Lac Phuc";
				TargetAttributes = {
					ACCEE07D1B2E7BAB00A963A0 = {
						CreatedOnToolsVersion = 6.1;
					};
					ACCEE0991B2E7BAC00A963A0 = {
						CreatedOnToolsVersion = 6.1;
						TestTargetID = ACCEE07D1B2E7BAB00A963A0;
					};
				};
			};
			buildConfigurationList = ACCEE0791B2E7BAB00A963A0 /* Build configuration list for PBXProject "LivedoorRSSReader" */;
			compatibilityVersion = "Xcode 3.2";
			developmentRegion = English;
			hasScannedForEncodings = 0;
			knownRegions = (
				en,
				Base,
			);
			mainGroup = ACCEE0751B2E7BAB00A963A0;
			productRefGroup = ACCEE07F1B2E7BAB00A963A0 /* Products */;
			projectDirPath = "";
			projectRoot = "";
			targets = (
				ACCEE07D1B2E7BAB00A963A0 /* LivedoorRSSReader */,
				ACCEE0991B2E7BAC00A963A0 /* LivedoorRSSReaderTests */,
			);
		};
/* End PBXProject section */

/* Begin PBXResourcesBuildPhase section */
		ACCEE07C1B2E7BAB00A963A0 /* Resources */ = {
			isa = PBXResourcesBuildPhase;
			buildActionMask = 2147483647;
			files = (
				ACCEE0901B2E7BAB00A963A0 /* Main.storyboard in Resources */,
				ACCEE0951B2E7BAC00A963A0 /* LaunchScreen.xib in Resources */,
				ACCEE0921B2E7BAB00A963A0 /* Images.xcassets in Resources */,
			);
			runOnlyForDeploymentPostprocessing = 0;
		};
		ACCEE0981B2E7BAC00A963A0 /* Resources */ = {
			isa = PBXResourcesBuildPhase;
			buildActionMask = 2147483647;
			files = (
			);
			runOnlyForDeploymentPostprocessing = 0;
		};
/* End PBXResourcesBuildPhase section */

/* Begin PBXShellScriptBuildPhase section */
		2DECE2A7C4A57F0CECA4C4C8 /* Check Pods Manifest.lock */ = {
			isa = PBXShellScriptBuildPhase;
			buildActionMask = 2147483647;
			files = (
			);
			inputPaths = (
			);
			name = "Check Pods Manifest.lock";
			outputPaths = (
			);
			runOnlyForDeploymentPostprocessing = 0;
			shellPath = /bin/sh;
			shellScript = "diff \"${PODS_ROOT}/../Podfile.lock\" \"${PODS_ROOT}/Manifest.lock\" > /dev/null\nif [[ $? != 0 ]] ; then\n    cat << EOM\nerror: The sandbox is not in sync with the Podfile.lock. Run 'pod install' or update your CocoaPods installation.\nEOM\n    exit 1\nfi\n";
			showEnvVarsInLog = 0;
		};
		3ED08CE129560A9848C07898 /* Check Pods Manifest.lock */ = {
			isa = PBXShellScriptBuildPhase;
			buildActionMask = 2147483647;
			files = (
			);
			inputPaths = (
			);
			name = "Check Pods Manifest.lock";
			outputPaths = (
			);
			runOnlyForDeploymentPostprocessing = 0;
			shellPath = /bin/sh;
			shellScript = "diff \"${PODS_ROOT}/../Podfile.lock\" \"${PODS_ROOT}/Manifest.lock\" > /dev/null\nif [[ $? != 0 ]] ; then\n    cat << EOM\nerror: The sandbox is not in sync with the Podfile.lock. Run 'pod install' or update your CocoaPods installation.\nEOM\n    exit 1\nfi\n";
			showEnvVarsInLog = 0;
		};
		B55141498AEE1C4FBF5BD407 /* Copy Pods Resources */ = {
			isa = PBXShellScriptBuildPhase;
			buildActionMask = 2147483647;
			files = (
			);
			inputPaths = (
			);
			name = "Copy Pods Resources";
			outputPaths = (
			);
			runOnlyForDeploymentPostprocessing = 0;
			shellPath = /bin/sh;
			shellScript = "\"${SRCROOT}/Pods/Target Support Files/Pods/Pods-resources.sh\"\n";
			showEnvVarsInLog = 0;
		};
		FF9C9623CADBCB08D3C30CC9 /* Copy Pods Resources */ = {
			isa = PBXShellScriptBuildPhase;
			buildActionMask = 2147483647;
			files = (
			);
			inputPaths = (
			);
			name = "Copy Pods Resources";
			outputPaths = (
			);
			runOnlyForDeploymentPostprocessing = 0;
			shellPath = /bin/sh;
			shellScript = "\"${SRCROOT}/Pods/Target Support Files/Pods/Pods-resources.sh\"\n";
			showEnvVarsInLog = 0;
		};
/* End PBXShellScriptBuildPhase section */

/* Begin PBXSourcesBuildPhase section */
		ACCEE07A1B2E7BAB00A963A0 /* Sources */ = {
			isa = PBXSourcesBuildPhase;
			buildActionMask = 2147483647;
			files = (
				ACCEE0B11B2E7C9800A963A0 /* DetailViewController.m in Sources */,
				ACE18F1F1B3015AA00558E8D /* LivedoorRSSReaderModel.xcdatamodeld in Sources */,
				ACE18F251B30279100558E8D /* Feed.m in Sources */,
				ACCEE0871B2E7BAB00A963A0 /* AppDelegate.m in Sources */,
				ACCEE0841B2E7BAB00A963A0 /* main.m in Sources */,
				AC7B30081B2E91DF00B91F3A /* FeedsViewController.m in Sources */,
				ACCEE0B21B2E7C9800A963A0 /* CategoryViewController.m in Sources */,
			);
			runOnlyForDeploymentPostprocessing = 0;
		};
		ACCEE0961B2E7BAC00A963A0 /* Sources */ = {
			isa = PBXSourcesBuildPhase;
			buildActionMask = 2147483647;
			files = (
				ACCEE0A11B2E7BAC00A963A0 /* LivedoorRSSReaderTests.m in Sources */,
			);
			runOnlyForDeploymentPostprocessing = 0;
		};
/* End PBXSourcesBuildPhase section */

/* Begin PBXTargetDependency section */
		ACCEE09C1B2E7BAC00A963A0 /* PBXTargetDependency */ = {
			isa = PBXTargetDependency;
			target = ACCEE07D1B2E7BAB00A963A0 /* LivedoorRSSReader */;
			targetProxy = ACCEE09B1B2E7BAC00A963A0 /* PBXContainerItemProxy */;
		};
/* End PBXTargetDependency section */

/* Begin PBXVariantGroup section */
		ACCEE08E1B2E7BAB00A963A0 /* Main.storyboard */ = {
			isa = PBXVariantGroup;
			children = (
				ACCEE08F1B2E7BAB00A963A0 /* Base */,
			);
			name = Main.storyboard;
			sourceTree = "<group>";
		};
		ACCEE0931B2E7BAC00A963A0 /* LaunchScreen.xib */ = {
			isa = PBXVariantGroup;
			children = (
				ACCEE0941B2E7BAC00A963A0 /* Base */,
			);
			name = LaunchScreen.xib;
			sourceTree = "<group>";
		};
/* End PBXVariantGroup section */

/* Begin XCBuildConfiguration section */
		ACCEE0A21B2E7BAC00A963A0 /* Debug */ = {
			isa = XCBuildConfiguration;
			buildSettings = {
				ALWAYS_SEARCH_USER_PATHS = NO;
				CLANG_CXX_LANGUAGE_STANDARD = "gnu++0x";
				CLANG_CXX_LIBRARY = "libc++";
				CLANG_ENABLE_MODULES = YES;
				CLANG_ENABLE_OBJC_ARC = YES;
				CLANG_WARN_BOOL_CONVERSION = YES;
				CLANG_WARN_CONSTANT_CONVERSION = YES;
				CLANG_WARN_DIRECT_OBJC_ISA_USAGE = YES_ERROR;
				CLANG_WARN_EMPTY_BODY = YES;
				CLANG_WARN_ENUM_CONVERSION = YES;
				CLANG_WARN_INT_CONVERSION = YES;
				CLANG_WARN_OBJC_ROOT_CLASS = YES_ERROR;
				CLANG_WARN_UNREACHABLE_CODE = YES;
				CLANG_WARN__DUPLICATE_METHOD_MATCH = YES;
				"CODE_SIGN_IDENTITY[sdk=iphoneos*]" = "iPhone Developer";
				COPY_PHASE_STRIP = NO;
				ENABLE_STRICT_OBJC_MSGSEND = YES;
				GCC_C_LANGUAGE_STANDARD = gnu99;
				GCC_DYNAMIC_NO_PIC = NO;
				GCC_OPTIMIZATION_LEVEL = 0;
				GCC_PREPROCESSOR_DEFINITIONS = (
					"DEBUG=1",
					"$(inherited)",
				);
				GCC_SYMBOLS_PRIVATE_EXTERN = NO;
				GCC_WARN_64_TO_32_BIT_CONVERSION = YES;
				GCC_WARN_ABOUT_RETURN_TYPE = YES_ERROR;
				GCC_WARN_UNDECLARED_SELECTOR = YES;
				GCC_WARN_UNINITIALIZED_AUTOS = YES_AGGRESSIVE;
				GCC_WARN_UNUSED_FUNCTION = YES;
				GCC_WARN_UNUSED_VARIABLE = YES;
				IPHONEOS_DEPLOYMENT_TARGET = 8.1;
				MTL_ENABLE_DEBUG_INFO = YES;
				ONLY_ACTIVE_ARCH = YES;
				SDKROOT = iphoneos;
			};
			name = Debug;
		};
		ACCEE0A31B2E7BAC00A963A0 /* Release */ = {
			isa = XCBuildConfiguration;
			buildSettings = {
				ALWAYS_SEARCH_USER_PATHS = NO;
				CLANG_CXX_LANGUAGE_STANDARD = "gnu++0x";
				CLANG_CXX_LIBRARY = "libc++";
				CLANG_ENABLE_MODULES = YES;
				CLANG_ENABLE_OBJC_ARC = YES;
				CLANG_WARN_BOOL_CONVERSION = YES;
				CLANG_WARN_CONSTANT_CONVERSION = YES;
				CLANG_WARN_DIRECT_OBJC_ISA_USAGE = YES_ERROR;
				CLANG_WARN_EMPTY_BODY = YES;
				CLANG_WARN_ENUM_CONVERSION = YES;
				CLANG_WARN_INT_CONVERSION = YES;
				CLANG_WARN_OBJC_ROOT_CLASS = YES_ERROR;
				CLANG_WARN_UNREACHABLE_CODE = YES;
				CLANG_WARN__DUPLICATE_METHOD_MATCH = YES;
				"CODE_SIGN_IDENTITY[sdk=iphoneos*]" = "iPhone Developer";
				COPY_PHASE_STRIP = YES;
				ENABLE_NS_ASSERTIONS = NO;
				ENABLE_STRICT_OBJC_MSGSEND = YES;
				GCC_C_LANGUAGE_STANDARD = gnu99;
				GCC_WARN_64_TO_32_BIT_CONVERSION = YES;
				GCC_WARN_ABOUT_RETURN_TYPE = YES_ERROR;
				GCC_WARN_UNDECLARED_SELECTOR = YES;
				GCC_WARN_UNINITIALIZED_AUTOS = YES_AGGRESSIVE;
				GCC_WARN_UNUSED_FUNCTION = YES;
				GCC_WARN_UNUSED_VARIABLE = YES;
				IPHONEOS_DEPLOYMENT_TARGET = 8.1;
				MTL_ENABLE_DEBUG_INFO = NO;
				SDKROOT = iphoneos;
				VALIDATE_PRODUCT = YES;
			};
			name = Release;
		};
		ACCEE0A51B2E7BAC00A963A0 /* Debug */ = {
			isa = XCBuildConfiguration;
			baseConfigurationReference = 104857F1950F8BFAB96C3F29 /* Pods.debug.xcconfig */;
			buildSettings = {
				ASSETCATALOG_COMPILER_APPICON_NAME = AppIcon;
				GCC_PRECOMPILE_PREFIX_HEADER = YES;
				GCC_PREFIX_HEADER = "LivedoorRSSReader/LivedoorRSSReader-Prefix.pch";
				INFOPLIST_FILE = LivedoorRSSReader/Info.plist;
				IPHONEOS_DEPLOYMENT_TARGET = 7.0;
				LD_RUNPATH_SEARCH_PATHS = "$(inherited) @executable_path/Frameworks";
				PRODUCT_NAME = "$(TARGET_NAME)";
			};
			name = Debug;
		};
		ACCEE0A61B2E7BAC00A963A0 /* Release */ = {
			isa = XCBuildConfiguration;
			baseConfigurationReference = 753D4CD55720B6AD2292E981 /* Pods.release.xcconfig */;
			buildSettings = {
				ASSETCATALOG_COMPILER_APPICON_NAME = AppIcon;
				GCC_PRECOMPILE_PREFIX_HEADER = YES;
				GCC_PREFIX_HEADER = "LivedoorRSSReader/LivedoorRSSReader-Prefix.pch";
				INFOPLIST_FILE = LivedoorRSSReader/Info.plist;
				IPHONEOS_DEPLOYMENT_TARGET = 7.0;
				LD_RUNPATH_SEARCH_PATHS = "$(inherited) @executable_path/Frameworks";
				PRODUCT_NAME = "$(TARGET_NAME)";
			};
			name = Release;
		};
		ACCEE0A81B2E7BAC00A963A0 /* Debug */ = {
			isa = XCBuildConfiguration;
			baseConfigurationReference = 104857F1950F8BFAB96C3F29 /* Pods.debug.xcconfig */;
			buildSettings = {
				BUNDLE_LOADER = "$(TEST_HOST)";
				FRAMEWORK_SEARCH_PATHS = (
					"$(SDKROOT)/Developer/Library/Frameworks",
					"$(inherited)",
				);
				GCC_PREPROCESSOR_DEFINITIONS = (
					"DEBUG=1",
					"$(inherited)",
				);
				INFOPLIST_FILE = LivedoorRSSReaderTests/Info.plist;
				LD_RUNPATH_SEARCH_PATHS = "$(inherited) @executable_path/Frameworks @loader_path/Frameworks";
				PRODUCT_NAME = "$(TARGET_NAME)";
				TEST_HOST = "$(BUILT_PRODUCTS_DIR)/LivedoorRSSReader.app/LivedoorRSSReader";
			};
			name = Debug;
		};
		ACCEE0A91B2E7BAC00A963A0 /* Release */ = {
			isa = XCBuildConfiguration;
			baseConfigurationReference = 753D4CD55720B6AD2292E981 /* Pods.release.xcconfig */;
			buildSettings = {
				BUNDLE_LOADER = "$(TEST_HOST)";
				FRAMEWORK_SEARCH_PATHS = (
					"$(SDKROOT)/Developer/Library/Frameworks",
					"$(inherited)",
				);
				INFOPLIST_FILE = LivedoorRSSReaderTests/Info.plist;
				LD_RUNPATH_SEARCH_PATHS = "$(inherited) @executable_path/Frameworks @loader_path/Frameworks";
				PRODUCT_NAME = "$(TARGET_NAME)";
				TEST_HOST = "$(BUILT_PRODUCTS_DIR)/LivedoorRSSReader.app/LivedoorRSSReader";
			};
			name = Release;
		};
/* End XCBuildConfiguration section */

/* Begin XCConfigurationList section */
		ACCEE0791B2E7BAB00A963A0 /* Build configuration list for PBXProject "LivedoorRSSReader" */ = {
			isa = XCConfigurationList;
			buildConfigurations = (
				ACCEE0A21B2E7BAC00A963A0 /* Debug */,
				ACCEE0A31B2E7BAC00A963A0 /* Release */,
			);
			defaultConfigurationIsVisible = 0;
			defaultConfigurationName = Release;
		};
		ACCEE0A41B2E7BAC00A963A0 /* Build configuration list for PBXNativeTarget "LivedoorRSSReader" */ = {
			isa = XCConfigurationList;
			buildConfigurations = (
				ACCEE0A51B2E7BAC00A963A0 /* Debug */,
				ACCEE0A61B2E7BAC00A963A0 /* Release */,
			);
			defaultConfigurationIsVisible = 0;
			defaultConfigurationName = Release;
		};
		ACCEE0A71B2E7BAC00A963A0 /* Build configuration list for PBXNativeTarget "LivedoorRSSReaderTests" */ = {
			isa = XCConfigurationList;
			buildConfigurations = (
				ACCEE0A81B2E7BAC00A963A0 /* Debug */,
				ACCEE0A91B2E7BAC00A963A0 /* Release */,
			);
			defaultConfigurationIsVisible = 0;
			defaultConfigurationName = Release;
		};
/* End XCConfigurationList section */

/* Begin XCVersionGroup section */
		ACE18F1D1B3015AA00558E8D /* LivedoorRSSReaderModel.xcdatamodeld */ = {
			isa = XCVersionGroup;
			children = (
				ACE18F1E1B3015AA00558E8D /* LivedoorRSSReaderModel.xcdatamodel */,
			);
			currentVersion = ACE18F1E1B3015AA00558E8D /* LivedoorRSSReaderModel.xcdatamodel */;
			path = LivedoorRSSReaderModel.xcdatamodeld;
			sourceTree = "<group>";
			versionGroupType = wrapper.xcdatamodel;
		};
/* End XCVersionGroup section */
	};
	rootObject = ACCEE0761B2E7BAB00A963A0 /* Project object */;
}
